
Microsoft Visual Studio Solution File, Format Version 12.00
# Visual Studio 15
VisualStudioVersion = 15.0.27703.2018
MinimumVisualStudioVersion = 10.0.40219.1
Project("{FAE04EC0-301F-11D3-BF4B-00C04F79EFBC}") = "PRSMVC", "PRSMVC\PRSMVC.csproj", "{1FD74A19-F11B-4BD9-B1AC-5A32F3FA2A07}"
EndProject
Global
	GlobalSection(SolutionConfigurationPlatforms) = preSolution
		Debug|Any CPU = Debug|Any CPU
		Release|Any CPU = Release|Any CPU
	EndGlobalSection
	GlobalSection(ProjectConfigurationPlatforms) = postSolution
		{1FD74A19-F11B-4BD9-B1AC-5A32F3FA2A07}.Debug|Any CPU.ActiveCfg = Debug|Any CPU
		{1FD74A19-F11B-4BD9-B1AC-5A32F3FA2A07}.Debug|Any CPU.Build.0 = Debug|Any CPU
		{1FD74A19-F11B-4BD9-B1AC-5A32F3FA2A07}.Release|Any CPU.ActiveCfg = Release|Any CPU
		{1FD74A19-F11B-4BD9-B1AC-5A32F3FA2A07}.Release|Any CPU.Build.0 = Release|Any CPU
	EndGlobalSection
	GlobalSection(SolutionProperties) = preSolution
		HideSolutionNode = FALSE
	EndGlobalSection
	GlobalSection(ExtensibilityGlobals) = postSolution
		SolutionGuid = {4B738257-E689-473D-8880-F192EE102251}
	EndGlobalSection
EndGlobal
